
Microsoft Visual Studio Solution File, Format Version 12.00
# Visual Studio 15
VisualStudioVersion = 15.0.27130.2010
MinimumVisualStudioVersion = 10.0.40219.1
Project("{FAE04EC0-301F-11D3-BF4B-00C04F79EFBC}") = "古籍图书管理系统", "古籍图书管理系统\古籍图书管理系统.csproj", "{88C8A61B-73B1-4BDE-842C-9F16964619F5}"
EndProject
Global
	GlobalSection(SolutionConfigurationPlatforms) = preSolution
		Debug|Any CPU = Debug|Any CPU
		Release|Any CPU = Release|Any CPU
	EndGlobalSection
	GlobalSection(ProjectConfigurationPlatforms) = postSolution
		{88C8A61B-73B1-4BDE-842C-9F16964619F5}.Debug|Any CPU.ActiveCfg = Debug|Any CPU
		{88C8A61B-73B1-4BDE-842C-9F16964619F5}.Debug|Any CPU.Build.0 = Debug|Any CPU
		{88C8A61B-73B1-4BDE-842C-9F16964619F5}.Release|Any CPU.ActiveCfg = Release|Any CPU
		{88C8A61B-73B1-4BDE-842C-9F16964619F5}.Release|Any CPU.Build.0 = Release|Any CPU
	EndGlobalSection
	GlobalSection(SolutionProperties) = preSolution
		HideSolutionNode = FALSE
	EndGlobalSection
	GlobalSection(ExtensibilityGlobals) = postSolution
		SolutionGuid = {BDDD404A-69BB-4BD5-B5F9-78F10E3502EF}
	EndGlobalSection
EndGlobal
